// !$*UTF8*$!
{
	archiveVersion = 1;
	classes = {
	};
	objectVersion = 56;
	objects = {

/* Begin PBXBuildFile section */
		0AA1DEB12B05E43A00777359 /* TopBarView.swift in Sources */ = {isa = PBXBuildFile; fileRef = 0AA1DEB02B05E43A00777359 /* TopBarView.swift */; };
		0AA1DEB32B05E46800777359 /* BottomBarView.swift in Sources */ = {isa = PBXBuildFile; fileRef = 0AA1DEB22B05E46800777359 /* BottomBarView.swift */; };
		0AA1DEB52B05E52D00777359 /* HabitCardView.swift in Sources */ = {isa = PBXBuildFile; fileRef = 0AA1DEB42B05E52D00777359 /* HabitCardView.swift */; };
		0AB257A52B04CD8E004E77B6 /* Hello_HabitsApp.swift in Sources */ = {isa = PBXBuildFile; fileRef = 0AB257A42B04CD8E004E77B6 /* Hello_HabitsApp.swift */; };
		0AB257A72B04CD8E004E77B6 /* ContentView.swift in Sources */ = {isa = PBXBuildFile; fileRef = 0AB257A62B04CD8E004E77B6 /* ContentView.swift */; };
		0AB257A92B04CD91004E77B6 /* Assets.xcassets in Resources */ = {isa = PBXBuildFile; fileRef = 0AB257A82B04CD91004E77B6 /* Assets.xcassets */; };
		0AB257AC2B04CD91004E77B6 /* Preview Assets.xcassets in Resources */ = {isa = PBXBuildFile; fileRef = 0AB257AB2B04CD91004E77B6 /* Preview Assets.xcassets */; };
		0AB257B42B04CDC4004E77B6 /* HabitModel.xcdatamodeld in Sources */ = {isa = PBXBuildFile; fileRef = 0AB257B22B04CDC4004E77B6 /* HabitModel.xcdatamodeld */; };
		0AB257BA2B04CE99004E77B6 /* AddHabitView.swift in Sources */ = {isa = PBXBuildFile; fileRef = 0AB257B92B04CE99004E77B6 /* AddHabitView.swift */; };
		0AB257BC2B04CEB5004E77B6 /* EditHabitView.swift in Sources */ = {isa = PBXBuildFile; fileRef = 0AB257BB2B04CEB5004E77B6 /* EditHabitView.swift */; };
		0AB257BE2B04CF00004E77B6 /* HabitController.swift in Sources */ = {isa = PBXBuildFile; fileRef = 0AB257BD2B04CF00004E77B6 /* HabitController.swift */; };
/* End PBXBuildFile section */

/* Begin PBXFileReference section */
		0AA1DEB02B05E43A00777359 /* TopBarView.swift */ = {isa = PBXFileReference; lastKnownFileType = sourcecode.swift; path = TopBarView.swift; sourceTree = "<group>"; };
		0AA1DEB22B05E46800777359 /* BottomBarView.swift */ = {isa = PBXFileReference; lastKnownFileType = sourcecode.swift; path = BottomBarView.swift; sourceTree = "<group>"; };
		0AA1DEB42B05E52D00777359 /* HabitCardView.swift */ = {isa = PBXFileReference; lastKnownFileType = sourcecode.swift; path = HabitCardView.swift; sourceTree = "<group>"; };
		0AB257A12B04CD8E004E77B6 /* Hello Habits.app */ = {isa = PBXFileReference; explicitFileType = wrapper.application; includeInIndex = 0; path = "Hello Habits.app"; sourceTree = BUILT_PRODUCTS_DIR; };
		0AB257A42B04CD8E004E77B6 /* Hello_HabitsApp.swift */ = {isa = PBXFileReference; lastKnownFileType = sourcecode.swift; path = Hello_HabitsApp.swift; sourceTree = "<group>"; };
		0AB257A62B04CD8E004E77B6 /* ContentView.swift */ = {isa = PBXFileReference; lastKnownFileType = sourcecode.swift; path = ContentView.swift; sourceTree = "<group>"; };
		0AB257A82B04CD91004E77B6 /* Assets.xcassets */ = {isa = PBXFileReference; lastKnownFileType = folder.assetcatalog; path = Assets.xcassets; sourceTree = "<group>"; };
		0AB257AB2B04CD91004E77B6 /* Preview Assets.xcassets */ = {isa = PBXFileReference; lastKnownFileType = folder.assetcatalog; path = "Preview Assets.xcassets"; sourceTree = "<group>"; };
		0AB257B32B04CDC4004E77B6 /* HabitModel.xcdatamodel */ = {isa = PBXFileReference; lastKnownFileType = wrapper.xcdatamodel; path = HabitModel.xcdatamodel; sourceTree = "<group>"; };
		0AB257B92B04CE99004E77B6 /* AddHabitView.swift */ = {isa = PBXFileReference; lastKnownFileType = sourcecode.swift; path = AddHabitView.swift; sourceTree = "<group>"; };
		0AB257BB2B04CEB5004E77B6 /* EditHabitView.swift */ = {isa = PBXFileReference; lastKnownFileType = sourcecode.swift; path = EditHabitView.swift; sourceTree = "<group>"; };
		0AB257BD2B04CF00004E77B6 /* HabitController.swift */ = {isa = PBXFileReference; lastKnownFileType = sourcecode.swift; path = HabitController.swift; sourceTree = "<group>"; };
/* End PBXFileReference section */

/* Begin PBXFrameworksBuildPhase section */
		0AB2579E2B04CD8E004E77B6 /* Frameworks */ = {
			isa = PBXFrameworksBuildPhase;
			buildActionMask = 2147483647;
			files = (
			);
			runOnlyForDeploymentPostprocessing = 0;
		};
/* End PBXFrameworksBuildPhase section */

/* Begin PBXGroup section */
		0AB257982B04CD8E004E77B6 = {
			isa = PBXGroup;
			children = (
				0AB257A32B04CD8E004E77B6 /* Hello Habits */,
				0AB257A22B04CD8E004E77B6 /* Products */,
			);
			sourceTree = "<group>";
		};
		0AB257A22B04CD8E004E77B6 /* Products */ = {
			isa = PBXGroup;
			children = (
				0AB257A12B04CD8E004E77B6 /* Hello Habits.app */,
			);
			name = Products;
			sourceTree = "<group>";
		};
		0AB257A32B04CD8E004E77B6 /* Hello Habits */ = {
			isa = PBXGroup;
			children = (
				0AB257A42B04CD8E004E77B6 /* Hello_HabitsApp.swift */,
				0AB257B62B04CE5C004E77B6 /* Models */,
				0AB257B82B04CE70004E77B6 /* Views */,
				0AB257B72B04CE67004E77B6 /* Controllers */,
				0AB257A82B04CD91004E77B6 /* Assets.xcassets */,
				0AB257AA2B04CD91004E77B6 /* Preview Content */,
			);
			path = "Hello Habits";
			sourceTree = "<group>";
		};
		0AB257AA2B04CD91004E77B6 /* Preview Content */ = {
			isa = PBXGroup;
			children = (
				0AB257AB2B04CD91004E77B6 /* Preview Assets.xcassets */,
			);
			path = "Preview Content";
			sourceTree = "<group>";
		};
		0AB257B52B04CE51004E77B6 /* DataModels */ = {
			isa = PBXGroup;
			children = (
				0AB257B22B04CDC4004E77B6 /* HabitModel.xcdatamodeld */,
			);
			path = DataModels;
			sourceTree = "<group>";
		};
		0AB257B62B04CE5C004E77B6 /* Models */ = {
			isa = PBXGroup;
			children = (
				0AB257B52B04CE51004E77B6 /* DataModels */,
			);
			path = Models;
			sourceTree = "<group>";
		};
		0AB257B72B04CE67004E77B6 /* Controllers */ = {
			isa = PBXGroup;
			children = (
				0AB257BD2B04CF00004E77B6 /* HabitController.swift */,
			);
			path = Controllers;
			sourceTree = "<group>";
		};
		0AB257B82B04CE70004E77B6 /* Views */ = {
			isa = PBXGroup;
			children = (
				0AB257A62B04CD8E004E77B6 /* ContentView.swift */,
				0AA1DEB02B05E43A00777359 /* TopBarView.swift */,
				0AA1DEB22B05E46800777359 /* BottomBarView.swift */,
				0AA1DEB42B05E52D00777359 /* HabitCardView.swift */,
				0AB257B92B04CE99004E77B6 /* AddHabitView.swift */,
				0AB257BB2B04CEB5004E77B6 /* EditHabitView.swift */,
			);
			path = Views;
			sourceTree = "<group>";
		};
/* End PBXGroup section */

/* Begin PBXNativeTarget section */
		0AB257A02B04CD8E004E77B6 /* Hello Habits */ = {
			isa = PBXNativeTarget;
			buildConfigurationList = 0AB257AF2B04CD91004E77B6 /* Build configuration list for PBXNativeTarget "Hello Habits" */;
			buildPhases = (
				0AB2579D2B04CD8E004E77B6 /* Sources */,
				0AB2579E2B04CD8E004E77B6 /* Frameworks */,
				0AB2579F2B04CD8E004E77B6 /* Resources */,
			);
			buildRules = (
			);
			dependencies = (
			);
			name = "Hello Habits";
			productName = "Hello Habits";
			productReference = 0AB257A12B04CD8E004E77B6 /* Hello Habits.app */;
			productType = "com.apple.product-type.application";
		};
/* End PBXNativeTarget section */

/* Begin PBXProject section */
		0AB257992B04CD8E004E77B6 /* Project object */ = {
			isa = PBXProject;
			attributes = {
				BuildIndependentTargetsInParallel = 1;
				LastSwiftUpdateCheck = 1500;
				LastUpgradeCheck = 1500;
				TargetAttributes = {
					0AB257A02B04CD8E004E77B6 = {
						CreatedOnToolsVersion = 15.0.1;
					};
				};
			};
			buildConfigurationList = 0AB2579C2B04CD8E004E77B6 /* Build configuration list for PBXProject "Hello Habits" */;
			compatibilityVersion = "Xcode 14.0";
			developmentRegion = en;
			hasScannedForEncodings = 0;
			knownRegions = (
				en,
				Base,
			);
			mainGroup = 0AB257982B04CD8E004E77B6;
			productRefGroup = 0AB257A22B04CD8E004E77B6 /* Products */;
			projectDirPath = "";
			projectRoot = "";
			targets = (
				0AB257A02B04CD8E004E77B6 /* Hello Habits */,
			);
		};
/* End PBXProject section */

/* Begin PBXResourcesBuildPhase section */
		0AB2579F2B04CD8E004E77B6 /* Resources */ = {
			isa = PBXResourcesBuildPhase;
			buildActionMask = 2147483647;
			files = (
				0AB257AC2B04CD91004E77B6 /* Preview Assets.xcassets in Resources */,
				0AB257A92B04CD91004E77B6 /* Assets.xcassets in Resources */,
			);
			runOnlyForDeploymentPostprocessing = 0;
		};
/* End PBXResourcesBuildPhase section */

/* Begin PBXSourcesBuildPhase section */
		0AB2579D2B04CD8E004E77B6 /* Sources */ = {
			isa = PBXSourcesBuildPhase;
			buildActionMask = 2147483647;
			files = (
				0AB257A72B04CD8E004E77B6 /* ContentView.swift in Sources */,
				0AB257BA2B04CE99004E77B6 /* AddHabitView.swift in Sources */,
				0AA1DEB52B05E52D00777359 /* HabitCardView.swift in Sources */,
				0AB257BE2B04CF00004E77B6 /* HabitController.swift in Sources */,
				0AA1DEB32B05E46800777359 /* BottomBarView.swift in Sources */,
				0AB257A52B04CD8E004E77B6 /* Hello_HabitsApp.swift in Sources */,
				0AA1DEB12B05E43A00777359 /* TopBarView.swift in Sources */,
				0AB257BC2B04CEB5004E77B6 /* EditHabitView.swift in Sources */,
				0AB257B42B04CDC4004E77B6 /* HabitModel.xcdatamodeld in Sources */,
			);
			runOnlyForDeploymentPostprocessing = 0;
		};
/* End PBXSourcesBuildPhase section */

/* Begin XCBuildConfiguration section */
		0AB257AD2B04CD91004E77B6 /* Debug */ = {
			isa = XCBuildConfiguration;
			buildSettings = {
				ALWAYS_SEARCH_USER_PATHS = NO;
				ASSETCATALOG_COMPILER_GENERATE_SWIFT_ASSET_SYMBOL_EXTENSIONS = YES;
				CLANG_ANALYZER_NONNULL = YES;
				CLANG_ANALYZER_NUMBER_OBJECT_CONVERSION = YES_AGGRESSIVE;
				CLANG_CXX_LANGUAGE_STANDARD = "gnu++20";
				CLANG_ENABLE_MODULES = YES;
				CLANG_ENABLE_OBJC_ARC = YES;
				CLANG_ENABLE_OBJC_WEAK = YES;
				CLANG_WARN_BLOCK_CAPTURE_AUTORELEASING = YES;
				CLANG_WARN_BOOL_CONVERSION = YES;
				CLANG_WARN_COMMA = YES;
				CLANG_WARN_CONSTANT_CONVERSION = YES;
				CLANG_WARN_DEPRECATED_OBJC_IMPLEMENTATIONS = YES;
				CLANG_WARN_DIRECT_OBJC_ISA_USAGE = YES_ERROR;
				CLANG_WARN_DOCUMENTATION_COMMENTS = YES;
				CLANG_WARN_EMPTY_BODY = YES;
				CLANG_WARN_ENUM_CONVERSION = YES;
				CLANG_WARN_INFINITE_RECURSION = YES;
				CLANG_WARN_INT_CONVERSION = YES;
				CLANG_WARN_NON_LITERAL_NULL_CONVERSION = YES;
				CLANG_WARN_OBJC_IMPLICIT_RETAIN_SELF = YES;
				CLANG_WARN_OBJC_LITERAL_CONVERSION = YES;
				CLANG_WARN_OBJC_ROOT_CLASS = YES_ERROR;
				CLANG_WARN_QUOTED_INCLUDE_IN_FRAMEWORK_HEADER = YES;
				CLANG_WARN_RANGE_LOOP_ANALYSIS = YES;
				CLANG_WARN_STRICT_PROTOTYPES = YES;
				CLANG_WARN_SUSPICIOUS_MOVE = YES;
				CLANG_WARN_UNGUARDED_AVAILABILITY = YES_AGGRESSIVE;
				CLANG_WARN_UNREACHABLE_CODE = YES;
				CLANG_WARN__DUPLICATE_METHOD_MATCH = YES;
				COPY_PHASE_STRIP = NO;
				DEBUG_INFORMATION_FORMAT = dwarf;
				ENABLE_STRICT_OBJC_MSGSEND = YES;
				ENABLE_TESTABILITY = YES;
				ENABLE_USER_SCRIPT_SANDBOXING = YES;
				GCC_C_LANGUAGE_STANDARD = gnu17;
				GCC_DYNAMIC_NO_PIC = NO;
				GCC_NO_COMMON_BLOCKS = YES;
				GCC_OPTIMIZATION_LEVEL = 0;
				GCC_PREPROCESSOR_DEFINITIONS = (
					"DEBUG=1",
					"$(inherited)",
				);
				GCC_WARN_64_TO_32_BIT_CONVERSION = YES;
				GCC_WARN_ABOUT_RETURN_TYPE = YES_ERROR;
				GCC_WARN_UNDECLARED_SELECTOR = YES;
				GCC_WARN_UNINITIALIZED_AUTOS = YES_AGGRESSIVE;
				GCC_WARN_UNUSED_FUNCTION = YES;
				GCC_WARN_UNUSED_VARIABLE = YES;
				IPHONEOS_DEPLOYMENT_TARGET = 17.0;
				LOCALIZATION_PREFERS_STRING_CATALOGS = YES;
				MTL_ENABLE_DEBUG_INFO = INCLUDE_SOURCE;
				MTL_FAST_MATH = YES;
				ONLY_ACTIVE_ARCH = YES;
				SDKROOT = iphoneos;
				SWIFT_ACTIVE_COMPILATION_CONDITIONS = "DEBUG $(inherited)";
				SWIFT_OPTIMIZATION_LEVEL = "-Onone";
			};
			name = Debug;
		};
		0AB257AE2B04CD91004E77B6 /* Release */ = {
			isa = XCBuildConfiguration;
			buildSettings = {
				ALWAYS_SEARCH_USER_PATHS = NO;
				ASSETCATALOG_COMPILER_GENERATE_SWIFT_ASSET_SYMBOL_EXTENSIONS = YES;
				CLANG_ANALYZER_NONNULL = YES;
				CLANG_ANALYZER_NUMBER_OBJECT_CONVERSION = YES_AGGRESSIVE;
				CLANG_CXX_LANGUAGE_STANDARD = "gnu++20";
				CLANG_ENABLE_MODULES = YES;
				CLANG_ENABLE_OBJC_ARC = YES;
				CLANG_ENABLE_OBJC_WEAK = YES;
				CLANG_WARN_BLOCK_CAPTURE_AUTORELEASING = YES;
				CLANG_WARN_BOOL_CONVERSION = YES;
				CLANG_WARN_COMMA = YES;
				CLANG_WARN_CONSTANT_CONVERSION = YES;
				CLANG_WARN_DEPRECATED_OBJC_IMPLEMENTATIONS = YES;
				CLANG_WARN_DIRECT_OBJC_ISA_USAGE = YES_ERROR;
				CLANG_WARN_DOCUMENTATION_COMMENTS = YES;
				CLANG_WARN_EMPTY_BODY = YES;
				CLANG_WARN_ENUM_CONVERSION = YES;
				CLANG_WARN_INFINITE_RECURSION = YES;
				CLANG_WARN_INT_CONVERSION = YES;
				CLANG_WARN_NON_LITERAL_NULL_CONVERSION = YES;
				CLANG_WARN_OBJC_IMPLICIT_RETAIN_SELF = YES;
				CLANG_WARN_OBJC_LITERAL_CONVERSION = YES;
				CLANG_WARN_OBJC_ROOT_CLASS = YES_ERROR;
				CLANG_WARN_QUOTED_INCLUDE_IN_FRAMEWORK_HEADER = YES;
				CLANG_WARN_RANGE_LOOP_ANALYSIS = YES;
				CLANG_WARN_STRICT_PROTOTYPES = YES;
				CLANG_WARN_SUSPICIOUS_MOVE = YES;
				CLANG_WARN_UNGUARDED_AVAILABILITY = YES_AGGRESSIVE;
				CLANG_WARN_UNREACHABLE_CODE = YES;
				CLANG_WARN__DUPLICATE_METHOD_MATCH = YES;
				COPY_PHASE_STRIP = NO;
				DEBUG_INFORMATION_FORMAT = "dwarf-with-dsym";
				ENABLE_NS_ASSERTIONS = NO;
				ENABLE_STRICT_OBJC_MSGSEND = YES;
				ENABLE_USER_SCRIPT_SANDBOXING = YES;
				GCC_C_LANGUAGE_STANDARD = gnu17;
				GCC_NO_COMMON_BLOCKS = YES;
				GCC_WARN_64_TO_32_BIT_CONVERSION = YES;
				GCC_WARN_ABOUT_RETURN_TYPE = YES_ERROR;
				GCC_WARN_UNDECLARED_SELECTOR = YES;
				GCC_WARN_UNINITIALIZED_AUTOS = YES_AGGRESSIVE;
				GCC_WARN_UNUSED_FUNCTION = YES;
				GCC_WARN_UNUSED_VARIABLE = YES;
				IPHONEOS_DEPLOYMENT_TARGET = 17.0;
				LOCALIZATION_PREFERS_STRING_CATALOGS = YES;
				MTL_ENABLE_DEBUG_INFO = NO;
				MTL_FAST_MATH = YES;
				SDKROOT = iphoneos;
				SWIFT_COMPILATION_MODE = wholemodule;
				VALIDATE_PRODUCT = YES;
			};
			name = Release;
		};
		0AB257B02B04CD91004E77B6 /* Debug */ = {
			isa = XCBuildConfiguration;
			buildSettings = {
				ASSETCATALOG_COMPILER_APPICON_NAME = AppIcon;
				ASSETCATALOG_COMPILER_GLOBAL_ACCENT_COLOR_NAME = AccentColor;
				CODE_SIGN_STYLE = Automatic;
				CURRENT_PROJECT_VERSION = 1;
				DEVELOPMENT_ASSET_PATHS = "\"Hello Habits/Preview Content\"";
				DEVELOPMENT_TEAM = BGRL5C48F8;
				ENABLE_PREVIEWS = YES;
				GENERATE_INFOPLIST_FILE = YES;
				INFOPLIST_KEY_UIApplicationSceneManifest_Generation = YES;
				INFOPLIST_KEY_UIApplicationSupportsIndirectInputEvents = YES;
				INFOPLIST_KEY_UILaunchScreen_Generation = YES;
				INFOPLIST_KEY_UISupportedInterfaceOrientations_iPad = "UIInterfaceOrientationPortrait UIInterfaceOrientationPortraitUpsideDown UIInterfaceOrientationLandscapeLeft UIInterfaceOrientationLandscapeRight";
				INFOPLIST_KEY_UISupportedInterfaceOrientations_iPhone = "UIInterfaceOrientationPortrait UIInterfaceOrientationLandscapeLeft UIInterfaceOrientationLandscapeRight";
				LD_RUNPATH_SEARCH_PATHS = (
					"$(inherited)",
					"@executable_path/Frameworks",
				);
				MARKETING_VERSION = 1.0;
				PRODUCT_BUNDLE_IDENTIFIER = "com.lgaray.Hello-Habits";
				PRODUCT_NAME = "$(TARGET_NAME)";
				SWIFT_EMIT_LOC_STRINGS = YES;
				SWIFT_VERSION = 5.0;
				TARGETED_DEVICE_FAMILY = "1,2";
			};
			name = Debug;
		};
		0AB257B12B04CD91004E77B6 /* Release */ = {
			isa = XCBuildConfiguration;
			buildSettings = {
				ASSETCATALOG_COMPILER_APPICON_NAME = AppIcon;
				ASSETCATALOG_COMPILER_GLOBAL_ACCENT_COLOR_NAME = AccentColor;
				CODE_SIGN_STYLE = Automatic;
				CURRENT_PROJECT_VERSION = 1;
				DEVELOPMENT_ASSET_PATHS = "\"Hello Habits/Preview Content\"";
				DEVELOPMENT_TEAM = BGRL5C48F8;
				ENABLE_PREVIEWS = YES;
				GENERATE_INFOPLIST_FILE = YES;
				INFOPLIST_KEY_UIApplicationSceneManifest_Generation = YES;
				INFOPLIST_KEY_UIApplicationSupportsIndirectInputEvents = YES;
				INFOPLIST_KEY_UILaunchScreen_Generation = YES;
				INFOPLIST_KEY_UISupportedInterfaceOrientations_iPad = "UIInterfaceOrientationPortrait UIInterfaceOrientationPortraitUpsideDown UIInterfaceOrientationLandscapeLeft UIInterfaceOrientationLandscapeRight";
				INFOPLIST_KEY_UISupportedInterfaceOrientations_iPhone = "UIInterfaceOrientationPortrait UIInterfaceOrientationLandscapeLeft UIInterfaceOrientationLandscapeRight";
				LD_RUNPATH_SEARCH_PATHS = (
					"$(inherited)",
					"@executable_path/Frameworks",
				);
				MARKETING_VERSION = 1.0;
				PRODUCT_BUNDLE_IDENTIFIER = "com.lgaray.Hello-Habits";
				PRODUCT_NAME = "$(TARGET_NAME)";
				SWIFT_EMIT_LOC_STRINGS = YES;
				SWIFT_VERSION = 5.0;
				TARGETED_DEVICE_FAMILY = "1,2";
			};
			name = Release;
		};
/* End XCBuildConfiguration section */

/* Begin XCConfigurationList section */
		0AB2579C2B04CD8E004E77B6 /* Build configuration list for PBXProject "Hello Habits" */ = {
			isa = XCConfigurationList;
			buildConfigurations = (
				0AB257AD2B04CD91004E77B6 /* Debug */,
				0AB257AE2B04CD91004E77B6 /* Release */,
			);
			defaultConfigurationIsVisible = 0;
			defaultConfigurationName = Release;
		};
		0AB257AF2B04CD91004E77B6 /* Build configuration list for PBXNativeTarget "Hello Habits" */ = {
			isa = XCConfigurationList;
			buildConfigurations = (
				0AB257B02B04CD91004E77B6 /* Debug */,
				0AB257B12B04CD91004E77B6 /* Release */,
			);
			defaultConfigurationIsVisible = 0;
			defaultConfigurationName = Release;
		};
/* End XCConfigurationList section */

/* Begin XCVersionGroup section */
		0AB257B22B04CDC4004E77B6 /* HabitModel.xcdatamodeld */ = {
			isa = XCVersionGroup;
			children = (
				0AB257B32B04CDC4004E77B6 /* HabitModel.xcdatamodel */,
			);
			currentVersion = 0AB257B32B04CDC4004E77B6 /* HabitModel.xcdatamodel */;
			path = HabitModel.xcdatamodeld;
			sourceTree = "<group>";
			versionGroupType = wrapper.xcdatamodel;
		};
/* End XCVersionGroup section */
	};
	rootObject = 0AB257992B04CD8E004E77B6 /* Project object */;
}
